
Microsoft Visual Studio Solution File, Format Version 12.00
# Visual Studio Version 17
VisualStudioVersion = 17.5.33424.131
MinimumVisualStudioVersion = 10.0.40219.1
Project("{FAE04EC0-301F-11D3-BF4B-00C04F79EFBC}") = "Deliverable1_CodeAlong", "Deliverable1_CodeAlong\Deliverable1_CodeAlong.csproj", "{11AB534A-3214-4906-9D57-D7D7832830FB}"
EndProject
Global
	GlobalSection(SolutionConfigurationPlatforms) = preSolution
		Debug|Any CPU = Debug|Any CPU
		Release|Any CPU = Release|Any CPU
	EndGlobalSection
	GlobalSection(ProjectConfigurationPlatforms) = postSolution
		{11AB534A-3214-4906-9D57-D7D7832830FB}.Debug|Any CPU.ActiveCfg = Debug|Any CPU
		{11AB534A-3214-4906-9D57-D7D7832830FB}.Debug|Any CPU.Build.0 = Debug|Any CPU
		{11AB534A-3214-4906-9D57-D7D7832830FB}.Release|Any CPU.ActiveCfg = Release|Any CPU
		{11AB534A-3214-4906-9D57-D7D7832830FB}.Release|Any CPU.Build.0 = Release|Any CPU
	EndGlobalSection
	GlobalSection(SolutionProperties) = preSolution
		HideSolutionNode = FALSE
	EndGlobalSection
	GlobalSection(ExtensibilityGlobals) = postSolution
		SolutionGuid = {FD4FB9CB-D089-423F-94C2-9D6ECF9F45B4}
	EndGlobalSection
EndGlobal
