
Microsoft Visual Studio Solution File, Format Version 12.00
# Visual Studio Version 17
VisualStudioVersion = 17.5.33424.131
MinimumVisualStudioVersion = 10.0.40219.1
Project("{FAE04EC0-301F-11D3-BF4B-00C04F79EFBC}") = "Deliverable2_CodeAlong", "Deliverable2_CodeAlong\Deliverable2_CodeAlong.csproj", "{5516D9BF-7231-4F21-867A-59D03E3DB041}"
EndProject
Global
	GlobalSection(SolutionConfigurationPlatforms) = preSolution
		Debug|Any CPU = Debug|Any CPU
		Release|Any CPU = Release|Any CPU
	EndGlobalSection
	GlobalSection(ProjectConfigurationPlatforms) = postSolution
		{5516D9BF-7231-4F21-867A-59D03E3DB041}.Debug|Any CPU.ActiveCfg = Debug|Any CPU
		{5516D9BF-7231-4F21-867A-59D03E3DB041}.Debug|Any CPU.Build.0 = Debug|Any CPU
		{5516D9BF-7231-4F21-867A-59D03E3DB041}.Release|Any CPU.ActiveCfg = Release|Any CPU
		{5516D9BF-7231-4F21-867A-59D03E3DB041}.Release|Any CPU.Build.0 = Release|Any CPU
	EndGlobalSection
	GlobalSection(SolutionProperties) = preSolution
		HideSolutionNode = FALSE
	EndGlobalSection
	GlobalSection(ExtensibilityGlobals) = postSolution
		SolutionGuid = {74041657-37DE-46D0-B628-9547B736E80E}
	EndGlobalSection
EndGlobal
